// !$*UTF8*$!
{
	archiveVersion = 1;
	classes = {
	};
	objectVersion = 48;
	objects = {

/* Begin PBXBuildFile section */
		4901AA12208871AB0013A95E /* CustomUIImageView.swift in Sources */ = {isa = PBXBuildFile; fileRef = 4901AA11208871AB0013A95E /* CustomUIImageView.swift */; };
		4901AA15208872C90013A95E /* ImageCache.swift in Sources */ = {isa = PBXBuildFile; fileRef = 4901AA14208872C90013A95E /* ImageCache.swift */; };
		49350F1720874E9100C3EBEC /* AppDelegate.swift in Sources */ = {isa = PBXBuildFile; fileRef = 49350F1620874E9100C3EBEC /* AppDelegate.swift */; };
		49350F1C20874E9100C3EBEC /* Main.storyboard in Resources */ = {isa = PBXBuildFile; fileRef = 49350F1A20874E9100C3EBEC /* Main.storyboard */; };
		49350F1E20874E9100C3EBEC /* Assets.xcassets in Resources */ = {isa = PBXBuildFile; fileRef = 49350F1D20874E9100C3EBEC /* Assets.xcassets */; };
		49350F2120874E9100C3EBEC /* LaunchScreen.storyboard in Resources */ = {isa = PBXBuildFile; fileRef = 49350F1F20874E9100C3EBEC /* LaunchScreen.storyboard */; };
		49455C8920916D9A000C1538 /* MenuTableViewController.swift in Sources */ = {isa = PBXBuildFile; fileRef = 49455C8820916D9A000C1538 /* MenuTableViewController.swift */; };
		49455C8B20916F84000C1538 /* MenuTableCell.xib in Resources */ = {isa = PBXBuildFile; fileRef = 49455C8A20916F84000C1538 /* MenuTableCell.xib */; };
		49455C8F20917250000C1538 /* MenuTableViewCell.swift in Sources */ = {isa = PBXBuildFile; fileRef = 49455C8E20917250000C1538 /* MenuTableViewCell.swift */; };
		49455C93209177AE000C1538 /* Menu.swift in Sources */ = {isa = PBXBuildFile; fileRef = 49455C92209177AE000C1538 /* Menu.swift */; };
		49455C952091788A000C1538 /* MenuItem.swift in Sources */ = {isa = PBXBuildFile; fileRef = 49455C942091788A000C1538 /* MenuItem.swift */; };
		49455C9720917AD9000C1538 /* MenuPresenter.swift in Sources */ = {isa = PBXBuildFile; fileRef = 49455C9620917AD9000C1538 /* MenuPresenter.swift */; };
		49455C992091A684000C1538 /* ImagesCollectionViewController.swift in Sources */ = {isa = PBXBuildFile; fileRef = 49455C982091A684000C1538 /* ImagesCollectionViewController.swift */; };
		49455C9B2091A759000C1538 /* ImageCollectionViewCell.swift in Sources */ = {isa = PBXBuildFile; fileRef = 49455C9A2091A759000C1538 /* ImageCollectionViewCell.swift */; };
		49455C9D2091A78D000C1538 /* ImageCollectionCell.xib in Resources */ = {isa = PBXBuildFile; fileRef = 49455C9C2091A78D000C1538 /* ImageCollectionCell.xib */; };
		49455C9F2091AF19000C1538 /* ImagesPresenter.swift in Sources */ = {isa = PBXBuildFile; fileRef = 49455C9E2091AF19000C1538 /* ImagesPresenter.swift */; };
		49455CA12091BA2D000C1538 /* MapViewController.swift in Sources */ = {isa = PBXBuildFile; fileRef = 49455CA02091BA2D000C1538 /* MapViewController.swift */; };
		495CADB820898200006B85D1 /* RestaurantTableCell.xib in Resources */ = {isa = PBXBuildFile; fileRef = 495CADB720898200006B85D1 /* RestaurantTableCell.xib */; };
		495CADBA20898CC1006B85D1 /* RestaurantsTableViewController.swift in Sources */ = {isa = PBXBuildFile; fileRef = 495CADB920898CC1006B85D1 /* RestaurantsTableViewController.swift */; };
		495CADBE20898FE9006B85D1 /* Restaurant.swift in Sources */ = {isa = PBXBuildFile; fileRef = 495CADBD20898FE9006B85D1 /* Restaurant.swift */; };
		495CADC020899938006B85D1 /* RestaurantsPresenter.swift in Sources */ = {isa = PBXBuildFile; fileRef = 495CADBF20899938006B85D1 /* RestaurantsPresenter.swift */; };
		495CADC220899C60006B85D1 /* RestaurantTableViewCell.swift in Sources */ = {isa = PBXBuildFile; fileRef = 495CADC120899C60006B85D1 /* RestaurantTableViewCell.swift */; };
		495CADC42089D8BB006B85D1 /* DetailsTableViewController.swift in Sources */ = {isa = PBXBuildFile; fileRef = 495CADC32089D8BB006B85D1 /* DetailsTableViewController.swift */; };
		495CADC62089E14C006B85D1 /* DetailsPresenter.swift in Sources */ = {isa = PBXBuildFile; fileRef = 495CADC52089E14C006B85D1 /* DetailsPresenter.swift */; };
		49E9F29920882ACB00A9E561 /* Login.storyboard in Resources */ = {isa = PBXBuildFile; fileRef = 49E9F29820882ACB00A9E561 /* Login.storyboard */; };
		49E9F29B20882BF700A9E561 /* GoogleService-Info.plist in Resources */ = {isa = PBXBuildFile; fileRef = 49E9F29A20882BF700A9E561 /* GoogleService-Info.plist */; };
		49E9F2A020882DF600A9E561 /* LoginViewController.swift in Sources */ = {isa = PBXBuildFile; fileRef = 49E9F29F20882DF600A9E561 /* LoginViewController.swift */; };
		49E9F2A2208857B700A9E561 /* AccountViewController.swift in Sources */ = {isa = PBXBuildFile; fileRef = 49E9F2A1208857B700A9E561 /* AccountViewController.swift */; };
		49F36FE92092BECC00CD2469 /* MapMarkerWindowView.xib in Resources */ = {isa = PBXBuildFile; fileRef = 49F36FE82092BECC00CD2469 /* MapMarkerWindowView.xib */; };
		49F36FEB2092C2C900CD2469 /* MapMarkerWindow.swift in Sources */ = {isa = PBXBuildFile; fileRef = 49F36FEA2092C2C900CD2469 /* MapMarkerWindow.swift */; };
		C7B2CA9DBF06386C41178A5C /* Pods_Restaurants.framework in Frameworks */ = {isa = PBXBuildFile; fileRef = B3E6287066C8C51237125C9A /* Pods_Restaurants.framework */; };
/* End PBXBuildFile section */

/* Begin PBXFileReference section */
		05A53E91005C8D1C45F2404A /* Pods-Restaurants.debug.xcconfig */ = {isa = PBXFileReference; includeInIndex = 1; lastKnownFileType = text.xcconfig; name = "Pods-Restaurants.debug.xcconfig"; path = "Pods/Target Support Files/Pods-Restaurants/Pods-Restaurants.debug.xcconfig"; sourceTree = "<group>"; };
		4901AA11208871AB0013A95E /* CustomUIImageView.swift */ = {isa = PBXFileReference; fileEncoding = 4; lastKnownFileType = sourcecode.swift; path = CustomUIImageView.swift; sourceTree = "<group>"; };
		4901AA14208872C90013A95E /* ImageCache.swift */ = {isa = PBXFileReference; fileEncoding = 4; lastKnownFileType = sourcecode.swift; path = ImageCache.swift; sourceTree = "<group>"; };
		49350F1320874E9100C3EBEC /* Restaurants.app */ = {isa = PBXFileReference; explicitFileType = wrapper.application; includeInIndex = 0; path = Restaurants.app; sourceTree = BUILT_PRODUCTS_DIR; };
		49350F1620874E9100C3EBEC /* AppDelegate.swift */ = {isa = PBXFileReference; lastKnownFileType = sourcecode.swift; path = AppDelegate.swift; sourceTree = "<group>"; };
		49350F1B20874E9100C3EBEC /* Base */ = {isa = PBXFileReference; lastKnownFileType = file.storyboard; name = Base; path = Base.lproj/Main.storyboard; sourceTree = "<group>"; };
		49350F1D20874E9100C3EBEC /* Assets.xcassets */ = {isa = PBXFileReference; lastKnownFileType = folder.assetcatalog; path = Assets.xcassets; sourceTree = "<group>"; };
		49350F2020874E9100C3EBEC /* Base */ = {isa = PBXFileReference; lastKnownFileType = file.storyboard; name = Base; path = Base.lproj/LaunchScreen.storyboard; sourceTree = "<group>"; };
		49350F2220874E9100C3EBEC /* Info.plist */ = {isa = PBXFileReference; lastKnownFileType = text.plist.xml; path = Info.plist; sourceTree = "<group>"; };
		49455C8820916D9A000C1538 /* MenuTableViewController.swift */ = {isa = PBXFileReference; lastKnownFileType = sourcecode.swift; path = MenuTableViewController.swift; sourceTree = "<group>"; };
		49455C8A20916F84000C1538 /* MenuTableCell.xib */ = {isa = PBXFileReference; lastKnownFileType = file.xib; path = MenuTableCell.xib; sourceTree = "<group>"; };
		49455C8E20917250000C1538 /* MenuTableViewCell.swift */ = {isa = PBXFileReference; lastKnownFileType = sourcecode.swift; path = MenuTableViewCell.swift; sourceTree = "<group>"; };
		49455C92209177AE000C1538 /* Menu.swift */ = {isa = PBXFileReference; lastKnownFileType = sourcecode.swift; path = Menu.swift; sourceTree = "<group>"; };
		49455C942091788A000C1538 /* MenuItem.swift */ = {isa = PBXFileReference; lastKnownFileType = sourcecode.swift; path = MenuItem.swift; sourceTree = "<group>"; };
		49455C9620917AD9000C1538 /* MenuPresenter.swift */ = {isa = PBXFileReference; lastKnownFileType = sourcecode.swift; path = MenuPresenter.swift; sourceTree = "<group>"; };
		49455C982091A684000C1538 /* ImagesCollectionViewController.swift */ = {isa = PBXFileReference; lastKnownFileType = sourcecode.swift; path = ImagesCollectionViewController.swift; sourceTree = "<group>"; };
		49455C9A2091A759000C1538 /* ImageCollectionViewCell.swift */ = {isa = PBXFileReference; lastKnownFileType = sourcecode.swift; path = ImageCollectionViewCell.swift; sourceTree = "<group>"; };
		49455C9C2091A78D000C1538 /* ImageCollectionCell.xib */ = {isa = PBXFileReference; lastKnownFileType = file.xib; path = ImageCollectionCell.xib; sourceTree = "<group>"; };
		49455C9E2091AF19000C1538 /* ImagesPresenter.swift */ = {isa = PBXFileReference; lastKnownFileType = sourcecode.swift; path = ImagesPresenter.swift; sourceTree = "<group>"; };
		49455CA02091BA2D000C1538 /* MapViewController.swift */ = {isa = PBXFileReference; lastKnownFileType = sourcecode.swift; path = MapViewController.swift; sourceTree = "<group>"; };
		495CADB720898200006B85D1 /* RestaurantTableCell.xib */ = {isa = PBXFileReference; lastKnownFileType = file.xib; path = RestaurantTableCell.xib; sourceTree = "<group>"; };
		495CADB920898CC1006B85D1 /* RestaurantsTableViewController.swift */ = {isa = PBXFileReference; lastKnownFileType = sourcecode.swift; path = RestaurantsTableViewController.swift; sourceTree = "<group>"; };
		495CADBD20898FE9006B85D1 /* Restaurant.swift */ = {isa = PBXFileReference; lastKnownFileType = sourcecode.swift; path = Restaurant.swift; sourceTree = "<group>"; };
		495CADBF20899938006B85D1 /* RestaurantsPresenter.swift */ = {isa = PBXFileReference; lastKnownFileType = sourcecode.swift; path = RestaurantsPresenter.swift; sourceTree = "<group>"; };
		495CADC120899C60006B85D1 /* RestaurantTableViewCell.swift */ = {isa = PBXFileReference; lastKnownFileType = sourcecode.swift; path = RestaurantTableViewCell.swift; sourceTree = "<group>"; };
		495CADC32089D8BB006B85D1 /* DetailsTableViewController.swift */ = {isa = PBXFileReference; lastKnownFileType = sourcecode.swift; path = DetailsTableViewController.swift; sourceTree = "<group>"; };
		495CADC52089E14C006B85D1 /* DetailsPresenter.swift */ = {isa = PBXFileReference; lastKnownFileType = sourcecode.swift; path = DetailsPresenter.swift; sourceTree = "<group>"; };
		49E9F29820882ACB00A9E561 /* Login.storyboard */ = {isa = PBXFileReference; lastKnownFileType = file.storyboard; path = Login.storyboard; sourceTree = "<group>"; };
		49E9F29A20882BF700A9E561 /* GoogleService-Info.plist */ = {isa = PBXFileReference; fileEncoding = 4; lastKnownFileType = text.plist.xml; path = "GoogleService-Info.plist"; sourceTree = "<group>"; };
		49E9F29F20882DF600A9E561 /* LoginViewController.swift */ = {isa = PBXFileReference; lastKnownFileType = sourcecode.swift; path = LoginViewController.swift; sourceTree = "<group>"; };
		49E9F2A1208857B700A9E561 /* AccountViewController.swift */ = {isa = PBXFileReference; lastKnownFileType = sourcecode.swift; path = AccountViewController.swift; sourceTree = "<group>"; };
		49F36FE82092BECC00CD2469 /* MapMarkerWindowView.xib */ = {isa = PBXFileReference; lastKnownFileType = file.xib; path = MapMarkerWindowView.xib; sourceTree = "<group>"; };
		49F36FEA2092C2C900CD2469 /* MapMarkerWindow.swift */ = {isa = PBXFileReference; lastKnownFileType = sourcecode.swift; path = MapMarkerWindow.swift; sourceTree = "<group>"; };
		7B64B3533329ADDBDF855E01 /* Pods-Restaurants.release.xcconfig */ = {isa = PBXFileReference; includeInIndex = 1; lastKnownFileType = text.xcconfig; name = "Pods-Restaurants.release.xcconfig"; path = "Pods/Target Support Files/Pods-Restaurants/Pods-Restaurants.release.xcconfig"; sourceTree = "<group>"; };
		B3E6287066C8C51237125C9A /* Pods_Restaurants.framework */ = {isa = PBXFileReference; explicitFileType = wrapper.framework; includeInIndex = 0; path = Pods_Restaurants.framework; sourceTree = BUILT_PRODUCTS_DIR; };
/* End PBXFileReference section */

/* Begin PBXFrameworksBuildPhase section */
		49350F1020874E9100C3EBEC /* Frameworks */ = {
			isa = PBXFrameworksBuildPhase;
			buildActionMask = 2147483647;
			files = (
				C7B2CA9DBF06386C41178A5C /* Pods_Restaurants.framework in Frameworks */,
			);
			runOnlyForDeploymentPostprocessing = 0;
		};
/* End PBXFrameworksBuildPhase section */

/* Begin PBXGroup section */
		0CD0DC7CFE8EF441F7BFF1CC /* Pods */ = {
			isa = PBXGroup;
			children = (
				05A53E91005C8D1C45F2404A /* Pods-Restaurants.debug.xcconfig */,
				7B64B3533329ADDBDF855E01 /* Pods-Restaurants.release.xcconfig */,
			);
			name = Pods;
			sourceTree = "<group>";
		};
		43CCD21959978CBB3377BDC5 /* Frameworks */ = {
			isa = PBXGroup;
			children = (
				B3E6287066C8C51237125C9A /* Pods_Restaurants.framework */,
			);
			name = Frameworks;
			sourceTree = "<group>";
		};
		4901AA0F208871930013A95E /* View */ = {
			isa = PBXGroup;
			children = (
				4901AA102088719B0013A95E /* Custom */,
				495CADB720898200006B85D1 /* RestaurantTableCell.xib */,
				495CADC120899C60006B85D1 /* RestaurantTableViewCell.swift */,
				49455C8A20916F84000C1538 /* MenuTableCell.xib */,
				49455C8E20917250000C1538 /* MenuTableViewCell.swift */,
				49455C9A2091A759000C1538 /* ImageCollectionViewCell.swift */,
				49455C9C2091A78D000C1538 /* ImageCollectionCell.xib */,
				49F36FE82092BECC00CD2469 /* MapMarkerWindowView.xib */,
				49F36FEA2092C2C900CD2469 /* MapMarkerWindow.swift */,
			);
			path = View;
			sourceTree = "<group>";
		};
		4901AA102088719B0013A95E /* Custom */ = {
			isa = PBXGroup;
			children = (
				4901AA11208871AB0013A95E /* CustomUIImageView.swift */,
			);
			path = Custom;
			sourceTree = "<group>";
		};
		4901AA132088729B0013A95E /* Util */ = {
			isa = PBXGroup;
			children = (
				4901AA14208872C90013A95E /* ImageCache.swift */,
			);
			path = Util;
			sourceTree = "<group>";
		};
		49350F0A20874E9100C3EBEC = {
			isa = PBXGroup;
			children = (
				49350F1520874E9100C3EBEC /* Restaurants */,
				49350F1420874E9100C3EBEC /* Products */,
				0CD0DC7CFE8EF441F7BFF1CC /* Pods */,
				43CCD21959978CBB3377BDC5 /* Frameworks */,
			);
			sourceTree = "<group>";
		};
		49350F1420874E9100C3EBEC /* Products */ = {
			isa = PBXGroup;
			children = (
				49350F1320874E9100C3EBEC /* Restaurants.app */,
			);
			name = Products;
			sourceTree = "<group>";
		};
		49350F1520874E9100C3EBEC /* Restaurants */ = {
			isa = PBXGroup;
			children = (
				49350F1620874E9100C3EBEC /* AppDelegate.swift */,
				49E9F29720882A9E00A9E561 /* Storyboard */,
				4901AA0F208871930013A95E /* View */,
				495CADBB20898E77006B85D1 /* Model */,
				49E9F29C20882D8600A9E561 /* ViewController */,
				495CADBC20898E98006B85D1 /* Presenter */,
				4901AA132088729B0013A95E /* Util */,
				49350F1D20874E9100C3EBEC /* Assets.xcassets */,
				49350F1F20874E9100C3EBEC /* LaunchScreen.storyboard */,
				49350F2220874E9100C3EBEC /* Info.plist */,
				49E9F29A20882BF700A9E561 /* GoogleService-Info.plist */,
			);
			path = Restaurants;
			sourceTree = "<group>";
		};
		495CADBB20898E77006B85D1 /* Model */ = {
			isa = PBXGroup;
			children = (
				495CADBD20898FE9006B85D1 /* Restaurant.swift */,
				49455C92209177AE000C1538 /* Menu.swift */,
				49455C942091788A000C1538 /* MenuItem.swift */,
			);
			path = Model;
			sourceTree = "<group>";
		};
		495CADBC20898E98006B85D1 /* Presenter */ = {
			isa = PBXGroup;
			children = (
				495CADBF20899938006B85D1 /* RestaurantsPresenter.swift */,
				495CADC52089E14C006B85D1 /* DetailsPresenter.swift */,
				49455C9620917AD9000C1538 /* MenuPresenter.swift */,
				49455C9E2091AF19000C1538 /* ImagesPresenter.swift */,
			);
			path = Presenter;
			sourceTree = "<group>";
		};
		49E9F29720882A9E00A9E561 /* Storyboard */ = {
			isa = PBXGroup;
			children = (
				49350F1A20874E9100C3EBEC /* Main.storyboard */,
				49E9F29820882ACB00A9E561 /* Login.storyboard */,
			);
			path = Storyboard;
			sourceTree = "<group>";
		};
		49E9F29C20882D8600A9E561 /* ViewController */ = {
			isa = PBXGroup;
			children = (
				49E9F29F20882DF600A9E561 /* LoginViewController.swift */,
				49E9F2A1208857B700A9E561 /* AccountViewController.swift */,
				495CADB920898CC1006B85D1 /* RestaurantsTableViewController.swift */,
				495CADC32089D8BB006B85D1 /* DetailsTableViewController.swift */,
				49455C8820916D9A000C1538 /* MenuTableViewController.swift */,
				49455C982091A684000C1538 /* ImagesCollectionViewController.swift */,
				49455CA02091BA2D000C1538 /* MapViewController.swift */,
			);
			path = ViewController;
			sourceTree = "<group>";
		};
/* End PBXGroup section */

/* Begin PBXNativeTarget section */
		49350F1220874E9100C3EBEC /* Restaurants */ = {
			isa = PBXNativeTarget;
			buildConfigurationList = 49350F2520874E9100C3EBEC /* Build configuration list for PBXNativeTarget "Restaurants" */;
			buildPhases = (
				701B086F776D1BBF9FCCC4C8 /* [CP] Check Pods Manifest.lock */,
				49350F0F20874E9100C3EBEC /* Sources */,
				49350F1020874E9100C3EBEC /* Frameworks */,
				49350F1120874E9100C3EBEC /* Resources */,
				4B1E37B3BFA86247F2E4BBAE /* [CP] Embed Pods Frameworks */,
				9E17F75CB3F317B12827C4F7 /* [CP] Copy Pods Resources */,
				49F36FEC2093193700CD2469 /* ShellScript */,
			);
			buildRules = (
			);
			dependencies = (
			);
			name = Restaurants;
			productName = Restaurants;
			productReference = 49350F1320874E9100C3EBEC /* Restaurants.app */;
			productType = "com.apple.product-type.application";
		};
/* End PBXNativeTarget section */

/* Begin PBXProject section */
		49350F0B20874E9100C3EBEC /* Project object */ = {
			isa = PBXProject;
			attributes = {
				LastSwiftUpdateCheck = 0920;
				LastUpgradeCheck = 0920;
				ORGANIZATIONNAME = "Anh Tran";
				TargetAttributes = {
					49350F1220874E9100C3EBEC = {
						CreatedOnToolsVersion = 9.2;
						ProvisioningStyle = Automatic;
					};
				};
			};
			buildConfigurationList = 49350F0E20874E9100C3EBEC /* Build configuration list for PBXProject "Restaurants" */;
			compatibilityVersion = "Xcode 8.0";
			developmentRegion = en;
			hasScannedForEncodings = 0;
			knownRegions = (
				en,
				Base,
			);
			mainGroup = 49350F0A20874E9100C3EBEC;
			productRefGroup = 49350F1420874E9100C3EBEC /* Products */;
			projectDirPath = "";
			projectRoot = "";
			targets = (
				49350F1220874E9100C3EBEC /* Restaurants */,
			);
		};
/* End PBXProject section */

/* Begin PBXResourcesBuildPhase section */
		49350F1120874E9100C3EBEC /* Resources */ = {
			isa = PBXResourcesBuildPhase;
			buildActionMask = 2147483647;
			files = (
				49350F2120874E9100C3EBEC /* LaunchScreen.storyboard in Resources */,
				49350F1E20874E9100C3EBEC /* Assets.xcassets in Resources */,
				49E9F29B20882BF700A9E561 /* GoogleService-Info.plist in Resources */,
				495CADB820898200006B85D1 /* RestaurantTableCell.xib in Resources */,
				49E9F29920882ACB00A9E561 /* Login.storyboard in Resources */,
				49455C8B20916F84000C1538 /* MenuTableCell.xib in Resources */,
				49350F1C20874E9100C3EBEC /* Main.storyboard in Resources */,
				49455C9D2091A78D000C1538 /* ImageCollectionCell.xib in Resources */,
				49F36FE92092BECC00CD2469 /* MapMarkerWindowView.xib in Resources */,
			);
			runOnlyForDeploymentPostprocessing = 0;
		};
/* End PBXResourcesBuildPhase section */

/* Begin PBXShellScriptBuildPhase section */
		49F36FEC2093193700CD2469 /* ShellScript */ = {
			isa = PBXShellScriptBuildPhase;
			buildActionMask = 2147483647;
			files = (
			);
			inputPaths = (
			);
			outputPaths = (
			);
			runOnlyForDeploymentPostprocessing = 0;
			shellPath = /bin/sh;
			shellScript = "\"${PODS_ROOT}/Fabric/Fabric.framework/run\"";
		};
		4B1E37B3BFA86247F2E4BBAE /* [CP] Embed Pods Frameworks */ = {
			isa = PBXShellScriptBuildPhase;
			buildActionMask = 2147483647;
			files = (
			);
			inputPaths = (
				"${SRCROOT}/Pods/Target Support Files/Pods-Restaurants/Pods-Restaurants-frameworks.sh",
				"${BUILT_PRODUCTS_DIR}/Bolts/Bolts.framework",
				"${BUILT_PRODUCTS_DIR}/BoringSSL/openssl.framework",
				"${BUILT_PRODUCTS_DIR}/FBSDKCoreKit/FBSDKCoreKit.framework",
				"${BUILT_PRODUCTS_DIR}/FBSDKLoginKit/FBSDKLoginKit.framework",
				"${BUILT_PRODUCTS_DIR}/GTMOAuth2/GTMOAuth2.framework",
				"${BUILT_PRODUCTS_DIR}/GTMSessionFetcher/GTMSessionFetcher.framework",
				"${BUILT_PRODUCTS_DIR}/GoogleToolboxForMac/GoogleToolboxForMac.framework",
				"${BUILT_PRODUCTS_DIR}/Protobuf/Protobuf.framework",
				"${BUILT_PRODUCTS_DIR}/SDWebImage/SDWebImage.framework",
				"${PODS_ROOT}/TwitterCore/iOS/TwitterCore.framework",
				"${PODS_ROOT}/TwitterKit/iOS/TwitterKit.framework",
				"${BUILT_PRODUCTS_DIR}/gRPC/GRPCClient.framework",
				"${BUILT_PRODUCTS_DIR}/gRPC-Core/grpc.framework",
				"${BUILT_PRODUCTS_DIR}/gRPC-ProtoRPC/ProtoRPC.framework",
				"${BUILT_PRODUCTS_DIR}/gRPC-RxLibrary/RxLibrary.framework",
				"${BUILT_PRODUCTS_DIR}/leveldb-library/leveldb.framework",
				"${BUILT_PRODUCTS_DIR}/nanopb/nanopb.framework",
			);
			name = "[CP] Embed Pods Frameworks";
			outputPaths = (
				"${TARGET_BUILD_DIR}/${FRAMEWORKS_FOLDER_PATH}/Bolts.framework",
				"${TARGET_BUILD_DIR}/${FRAMEWORKS_FOLDER_PATH}/openssl.framework",
				"${TARGET_BUILD_DIR}/${FRAMEWORKS_FOLDER_PATH}/FBSDKCoreKit.framework",
				"${TARGET_BUILD_DIR}/${FRAMEWORKS_FOLDER_PATH}/FBSDKLoginKit.framework",
				"${TARGET_BUILD_DIR}/${FRAMEWORKS_FOLDER_PATH}/GTMOAuth2.framework",
				"${TARGET_BUILD_DIR}/${FRAMEWORKS_FOLDER_PATH}/GTMSessionFetcher.framework",
				"${TARGET_BUILD_DIR}/${FRAMEWORKS_FOLDER_PATH}/GoogleToolboxForMac.framework",
				"${TARGET_BUILD_DIR}/${FRAMEWORKS_FOLDER_PATH}/Protobuf.framework",
				"${TARGET_BUILD_DIR}/${FRAMEWORKS_FOLDER_PATH}/SDWebImage.framework",
				"${TARGET_BUILD_DIR}/${FRAMEWORKS_FOLDER_PATH}/TwitterCore.framework",
				"${TARGET_BUILD_DIR}/${FRAMEWORKS_FOLDER_PATH}/TwitterKit.framework",
				"${TARGET_BUILD_DIR}/${FRAMEWORKS_FOLDER_PATH}/GRPCClient.framework",
				"${TARGET_BUILD_DIR}/${FRAMEWORKS_FOLDER_PATH}/grpc.framework",
				"${TARGET_BUILD_DIR}/${FRAMEWORKS_FOLDER_PATH}/ProtoRPC.framework",
				"${TARGET_BUILD_DIR}/${FRAMEWORKS_FOLDER_PATH}/RxLibrary.framework",
				"${TARGET_BUILD_DIR}/${FRAMEWORKS_FOLDER_PATH}/leveldb.framework",
				"${TARGET_BUILD_DIR}/${FRAMEWORKS_FOLDER_PATH}/nanopb.framework",
			);
			runOnlyForDeploymentPostprocessing = 0;
			shellPath = /bin/sh;
			shellScript = "\"${SRCROOT}/Pods/Target Support Files/Pods-Restaurants/Pods-Restaurants-frameworks.sh\"\n";
			showEnvVarsInLog = 0;
		};
		701B086F776D1BBF9FCCC4C8 /* [CP] Check Pods Manifest.lock */ = {
			isa = PBXShellScriptBuildPhase;
			buildActionMask = 2147483647;
			files = (
			);
			inputPaths = (
				"${PODS_PODFILE_DIR_PATH}/Podfile.lock",
				"${PODS_ROOT}/Manifest.lock",
			);
			name = "[CP] Check Pods Manifest.lock";
			outputPaths = (
				"$(DERIVED_FILE_DIR)/Pods-Restaurants-checkManifestLockResult.txt",
			);
			runOnlyForDeploymentPostprocessing = 0;
			shellPath = /bin/sh;
			shellScript = "diff \"${PODS_PODFILE_DIR_PATH}/Podfile.lock\" \"${PODS_ROOT}/Manifest.lock\" > /dev/null\nif [ $? != 0 ] ; then\n    # print error to STDERR\n    echo \"error: The sandbox is not in sync with the Podfile.lock. Run 'pod install' or update your CocoaPods installation.\" >&2\n    exit 1\nfi\n# This output is used by Xcode 'outputs' to avoid re-running this script phase.\necho \"SUCCESS\" > \"${SCRIPT_OUTPUT_FILE_0}\"\n";
			showEnvVarsInLog = 0;
		};
		9E17F75CB3F317B12827C4F7 /* [CP] Copy Pods Resources */ = {
			isa = PBXShellScriptBuildPhase;
			buildActionMask = 2147483647;
			files = (
			);
			inputPaths = (
				"${SRCROOT}/Pods/Target Support Files/Pods-Restaurants/Pods-Restaurants-resources.sh",
				"${PODS_CONFIGURATION_BUILD_DIR}/FirebaseUI/FirebaseAuthUI.bundle",
				"${PODS_CONFIGURATION_BUILD_DIR}/FirebaseUI/FirebaseFacebookAuthUI.bundle",
				"${PODS_CONFIGURATION_BUILD_DIR}/FirebaseUI/FirebaseGoogleAuthUI.bundle",
				"${PODS_CONFIGURATION_BUILD_DIR}/FirebaseUI/FirebasePhoneAuthUI.bundle",
				"${PODS_CONFIGURATION_BUILD_DIR}/FirebaseUI/FirebaseTwitterAuthUI.bundle",
				"${PODS_ROOT}/GoogleMaps/Maps/Frameworks/GoogleMaps.framework/Resources/GoogleMaps.bundle",
				"${PODS_ROOT}/GooglePlaces/Frameworks/GooglePlaces.framework/Resources/GooglePlaces.bundle",
				"${PODS_ROOT}/GoogleSignIn/Resources/GoogleSignIn.bundle",
				"${PODS_ROOT}/TwitterKit/iOS/TwitterKit.framework/TwitterKitResources.bundle",
				"${PODS_ROOT}/TwitterKit/iOS/TwitterKit.framework/TwitterShareExtensionUIResources.bundle",
			);
			name = "[CP] Copy Pods Resources";
			outputPaths = (
				"${TARGET_BUILD_DIR}/${UNLOCALIZED_RESOURCES_FOLDER_PATH}/FirebaseAuthUI.bundle",
				"${TARGET_BUILD_DIR}/${UNLOCALIZED_RESOURCES_FOLDER_PATH}/FirebaseFacebookAuthUI.bundle",
				"${TARGET_BUILD_DIR}/${UNLOCALIZED_RESOURCES_FOLDER_PATH}/FirebaseGoogleAuthUI.bundle",
				"${TARGET_BUILD_DIR}/${UNLOCALIZED_RESOURCES_FOLDER_PATH}/FirebasePhoneAuthUI.bundle",
				"${TARGET_BUILD_DIR}/${UNLOCALIZED_RESOURCES_FOLDER_PATH}/FirebaseTwitterAuthUI.bundle",
				"${TARGET_BUILD_DIR}/${UNLOCALIZED_RESOURCES_FOLDER_PATH}/GoogleMaps.bundle",
				"${TARGET_BUILD_DIR}/${UNLOCALIZED_RESOURCES_FOLDER_PATH}/GooglePlaces.bundle",
				"${TARGET_BUILD_DIR}/${UNLOCALIZED_RESOURCES_FOLDER_PATH}/GoogleSignIn.bundle",
				"${TARGET_BUILD_DIR}/${UNLOCALIZED_RESOURCES_FOLDER_PATH}/TwitterKitResources.bundle",
				"${TARGET_BUILD_DIR}/${UNLOCALIZED_RESOURCES_FOLDER_PATH}/TwitterShareExtensionUIResources.bundle",
			);
			runOnlyForDeploymentPostprocessing = 0;
			shellPath = /bin/sh;
			shellScript = "\"${SRCROOT}/Pods/Target Support Files/Pods-Restaurants/Pods-Restaurants-resources.sh\"\n";
			showEnvVarsInLog = 0;
		};
/* End PBXShellScriptBuildPhase section */

/* Begin PBXSourcesBuildPhase section */
		49350F0F20874E9100C3EBEC /* Sources */ = {
			isa = PBXSourcesBuildPhase;
			buildActionMask = 2147483647;
			files = (
				49455C992091A684000C1538 /* ImagesCollectionViewController.swift in Sources */,
				495CADC220899C60006B85D1 /* RestaurantTableViewCell.swift in Sources */,
				4901AA15208872C90013A95E /* ImageCache.swift in Sources */,
				49455CA12091BA2D000C1538 /* MapViewController.swift in Sources */,
				49E9F2A020882DF600A9E561 /* LoginViewController.swift in Sources */,
				4901AA12208871AB0013A95E /* CustomUIImageView.swift in Sources */,
				49455C9F2091AF19000C1538 /* ImagesPresenter.swift in Sources */,
				495CADC020899938006B85D1 /* RestaurantsPresenter.swift in Sources */,
				49455C9B2091A759000C1538 /* ImageCollectionViewCell.swift in Sources */,
				495CADC62089E14C006B85D1 /* DetailsPresenter.swift in Sources */,
				495CADBE20898FE9006B85D1 /* Restaurant.swift in Sources */,
				495CADC42089D8BB006B85D1 /* DetailsTableViewController.swift in Sources */,
				49455C8920916D9A000C1538 /* MenuTableViewController.swift in Sources */,
				49455C952091788A000C1538 /* MenuItem.swift in Sources */,
				49455C93209177AE000C1538 /* Menu.swift in Sources */,
				49F36FEB2092C2C900CD2469 /* MapMarkerWindow.swift in Sources */,
				49455C9720917AD9000C1538 /* MenuPresenter.swift in Sources */,
				49455C8F20917250000C1538 /* MenuTableViewCell.swift in Sources */,
				49E9F2A2208857B700A9E561 /* AccountViewController.swift in Sources */,
				49350F1720874E9100C3EBEC /* AppDelegate.swift in Sources */,
				495CADBA20898CC1006B85D1 /* RestaurantsTableViewController.swift in Sources */,
			);
			runOnlyForDeploymentPostprocessing = 0;
		};
/* End PBXSourcesBuildPhase section */

/* Begin PBXVariantGroup section */
		49350F1A20874E9100C3EBEC /* Main.storyboard */ = {
			isa = PBXVariantGroup;
			children = (
				49350F1B20874E9100C3EBEC /* Base */,
			);
			name = Main.storyboard;
			sourceTree = "<group>";
		};
		49350F1F20874E9100C3EBEC /* LaunchScreen.storyboard */ = {
			isa = PBXVariantGroup;
			children = (
				49350F2020874E9100C3EBEC /* Base */,
			);
			name = LaunchScreen.storyboard;
			sourceTree = "<group>";
		};
/* End PBXVariantGroup section */

/* Begin XCBuildConfiguration section */
		49350F2320874E9100C3EBEC /* Debug */ = {
			isa = XCBuildConfiguration;
			buildSettings = {
				ALWAYS_SEARCH_USER_PATHS = NO;
				CLANG_ANALYZER_NONNULL = YES;
				CLANG_ANALYZER_NUMBER_OBJECT_CONVERSION = YES_AGGRESSIVE;
				CLANG_CXX_LANGUAGE_STANDARD = "gnu++14";
				CLANG_CXX_LIBRARY = "libc++";
				CLANG_ENABLE_MODULES = YES;
				CLANG_ENABLE_OBJC_ARC = YES;
				CLANG_WARN_BLOCK_CAPTURE_AUTORELEASING = YES;
				CLANG_WARN_BOOL_CONVERSION = YES;
				CLANG_WARN_COMMA = YES;
				CLANG_WARN_CONSTANT_CONVERSION = YES;
				CLANG_WARN_DIRECT_OBJC_ISA_USAGE = YES_ERROR;
				CLANG_WARN_DOCUMENTATION_COMMENTS = YES;
				CLANG_WARN_EMPTY_BODY = YES;
				CLANG_WARN_ENUM_CONVERSION = YES;
				CLANG_WARN_INFINITE_RECURSION = YES;
				CLANG_WARN_INT_CONVERSION = YES;
				CLANG_WARN_NON_LITERAL_NULL_CONVERSION = YES;
				CLANG_WARN_OBJC_LITERAL_CONVERSION = YES;
				CLANG_WARN_OBJC_ROOT_CLASS = YES_ERROR;
				CLANG_WARN_RANGE_LOOP_ANALYSIS = YES;
				CLANG_WARN_STRICT_PROTOTYPES = YES;
				CLANG_WARN_SUSPICIOUS_MOVE = YES;
				CLANG_WARN_UNGUARDED_AVAILABILITY = YES_AGGRESSIVE;
				CLANG_WARN_UNREACHABLE_CODE = YES;
				CLANG_WARN__DUPLICATE_METHOD_MATCH = YES;
				CODE_SIGN_IDENTITY = "iPhone Developer";
				COPY_PHASE_STRIP = NO;
				DEBUG_INFORMATION_FORMAT = "dwarf-with-dsym";
				ENABLE_STRICT_OBJC_MSGSEND = YES;
				ENABLE_TESTABILITY = YES;
				GCC_C_LANGUAGE_STANDARD = gnu11;
				GCC_DYNAMIC_NO_PIC = NO;
				GCC_NO_COMMON_BLOCKS = YES;
				GCC_OPTIMIZATION_LEVEL = 0;
				GCC_PREPROCESSOR_DEFINITIONS = (
					"DEBUG=1",
					"$(inherited)",
				);
				GCC_WARN_64_TO_32_BIT_CONVERSION = YES;
				GCC_WARN_ABOUT_RETURN_TYPE = YES_ERROR;
				GCC_WARN_UNDECLARED_SELECTOR = YES;
				GCC_WARN_UNINITIALIZED_AUTOS = YES_AGGRESSIVE;
				GCC_WARN_UNUSED_FUNCTION = YES;
				GCC_WARN_UNUSED_VARIABLE = YES;
				IPHONEOS_DEPLOYMENT_TARGET = 11.2;
				MTL_ENABLE_DEBUG_INFO = YES;
				ONLY_ACTIVE_ARCH = YES;
				SDKROOT = iphoneos;
				SWIFT_ACTIVE_COMPILATION_CONDITIONS = DEBUG;
				SWIFT_OPTIMIZATION_LEVEL = "-Onone";
			};
			name = Debug;
		};
		49350F2420874E9100C3EBEC /* Release */ = {
			isa = XCBuildConfiguration;
			buildSettings = {
				ALWAYS_SEARCH_USER_PATHS = NO;
				CLANG_ANALYZER_NONNULL = YES;
				CLANG_ANALYZER_NUMBER_OBJECT_CONVERSION = YES_AGGRESSIVE;
				CLANG_CXX_LANGUAGE_STANDARD = "gnu++14";
				CLANG_CXX_LIBRARY = "libc++";
				CLANG_ENABLE_MODULES = YES;
				CLANG_ENABLE_OBJC_ARC = YES;
				CLANG_WARN_BLOCK_CAPTURE_AUTORELEASING = YES;
				CLANG_WARN_BOOL_CONVERSION = YES;
				CLANG_WARN_COMMA = YES;
				CLANG_WARN_CONSTANT_CONVERSION = YES;
				CLANG_WARN_DIRECT_OBJC_ISA_USAGE = YES_ERROR;
				CLANG_WARN_DOCUMENTATION_COMMENTS = YES;
				CLANG_WARN_EMPTY_BODY = YES;
				CLANG_WARN_ENUM_CONVERSION = YES;
				CLANG_WARN_INFINITE_RECURSION = YES;
				CLANG_WARN_INT_CONVERSION = YES;
				CLANG_WARN_NON_LITERAL_NULL_CONVERSION = YES;
				CLANG_WARN_OBJC_LITERAL_CONVERSION = YES;
				CLANG_WARN_OBJC_ROOT_CLASS = YES_ERROR;
				CLANG_WARN_RANGE_LOOP_ANALYSIS = YES;
				CLANG_WARN_STRICT_PROTOTYPES = YES;
				CLANG_WARN_SUSPICIOUS_MOVE = YES;
				CLANG_WARN_UNGUARDED_AVAILABILITY = YES_AGGRESSIVE;
				CLANG_WARN_UNREACHABLE_CODE = YES;
				CLANG_WARN__DUPLICATE_METHOD_MATCH = YES;
				CODE_SIGN_IDENTITY = "iPhone Developer";
				COPY_PHASE_STRIP = NO;
				DEBUG_INFORMATION_FORMAT = "dwarf-with-dsym";
				ENABLE_NS_ASSERTIONS = NO;
				ENABLE_STRICT_OBJC_MSGSEND = YES;
				GCC_C_LANGUAGE_STANDARD = gnu11;
				GCC_NO_COMMON_BLOCKS = YES;
				GCC_WARN_64_TO_32_BIT_CONVERSION = YES;
				GCC_WARN_ABOUT_RETURN_TYPE = YES_ERROR;
				GCC_WARN_UNDECLARED_SELECTOR = YES;
				GCC_WARN_UNINITIALIZED_AUTOS = YES_AGGRESSIVE;
				GCC_WARN_UNUSED_FUNCTION = YES;
				GCC_WARN_UNUSED_VARIABLE = YES;
				IPHONEOS_DEPLOYMENT_TARGET = 11.2;
				MTL_ENABLE_DEBUG_INFO = NO;
				SDKROOT = iphoneos;
				SWIFT_OPTIMIZATION_LEVEL = "-Owholemodule";
				VALIDATE_PRODUCT = YES;
			};
			name = Release;
		};
		49350F2620874E9100C3EBEC /* Debug */ = {
			isa = XCBuildConfiguration;
			baseConfigurationReference = 05A53E91005C8D1C45F2404A /* Pods-Restaurants.debug.xcconfig */;
			buildSettings = {
				ASSETCATALOG_COMPILER_APPICON_NAME = AppIcon;
				CODE_SIGN_STYLE = Automatic;
				DEBUG_INFORMATION_FORMAT = "dwarf-with-dsym";
				DEVELOPMENT_TEAM = 6AGY23CM44;
				INFOPLIST_FILE = Restaurants/Info.plist;
				LD_RUNPATH_SEARCH_PATHS = "$(inherited) @executable_path/Frameworks";
				PRODUCT_BUNDLE_IDENTIFIER = appscyclone.Restaurants;
				PRODUCT_NAME = "$(TARGET_NAME)";
				SWIFT_VERSION = 4.0;
				TARGETED_DEVICE_FAMILY = "1,2";
			};
			name = Debug;
		};
		49350F2720874E9100C3EBEC /* Release */ = {
			isa = XCBuildConfiguration;
			baseConfigurationReference = 7B64B3533329ADDBDF855E01 /* Pods-Restaurants.release.xcconfig */;
			buildSettings = {
				ASSETCATALOG_COMPILER_APPICON_NAME = AppIcon;
				CODE_SIGN_STYLE = Automatic;
				DEBUG_INFORMATION_FORMAT = "dwarf-with-dsym";
				DEVELOPMENT_TEAM = 6AGY23CM44;
				INFOPLIST_FILE = Restaurants/Info.plist;
				LD_RUNPATH_SEARCH_PATHS = "$(inherited) @executable_path/Frameworks";
				PRODUCT_BUNDLE_IDENTIFIER = appscyclone.Restaurants;
				PRODUCT_NAME = "$(TARGET_NAME)";
				SWIFT_VERSION = 4.0;
				TARGETED_DEVICE_FAMILY = "1,2";
			};
			name = Release;
		};
/* End XCBuildConfiguration section */

/* Begin XCConfigurationList section */
		49350F0E20874E9100C3EBEC /* Build configuration list for PBXProject "Restaurants" */ = {
			isa = XCConfigurationList;
			buildConfigurations = (
				49350F2320874E9100C3EBEC /* Debug */,
				49350F2420874E9100C3EBEC /* Release */,
			);
			defaultConfigurationIsVisible = 0;
			defaultConfigurationName = Release;
		};
		49350F2520874E9100C3EBEC /* Build configuration list for PBXNativeTarget "Restaurants" */ = {
			isa = XCConfigurationList;
			buildConfigurations = (
				49350F2620874E9100C3EBEC /* Debug */,
				49350F2720874E9100C3EBEC /* Release */,
			);
			defaultConfigurationIsVisible = 0;
			defaultConfigurationName = Release;
		};
/* End XCConfigurationList section */
	};
	rootObject = 49350F0B20874E9100C3EBEC /* Project object */;
}
