PODS:
  - ReachabilitySwift (4.2.0)

DEPENDENCIES:
  - ReachabilitySwift

SPEC REPOS:
  https://github.com/cocoapods/specs.git:
    - ReachabilitySwift

SPEC CHECKSUMS:
  ReachabilitySwift: 50cef5c3eee6857024bc5fac1c9e87d1d19c7b57

PODFILE CHECKSUM: c4c4d269be588c1dbb2290755caa736f951ed360

COCOAPODS: 1.5.3
