// !$*UTF8*$!
{
	archiveVersion = 1;
	classes = {
	};
	objectVersion = 48;
	objects = {

/* Begin PBXBuildFile section */
		490A010E20AE6F7B005C1C48 /* TableViewController.swift in Sources */ = {isa = PBXBuildFile; fileRef = 490A010D20AE6F7B005C1C48 /* TableViewController.swift */; };
		49D63DDF20AD801400527507 /* AppDelegate.swift in Sources */ = {isa = PBXBuildFile; fileRef = 49D63DDE20AD801400527507 /* AppDelegate.swift */; };
		49D63DE120AD801400527507 /* ViewController.swift in Sources */ = {isa = PBXBuildFile; fileRef = 49D63DE020AD801400527507 /* ViewController.swift */; };
		49D63DE420AD801400527507 /* Main.storyboard in Resources */ = {isa = PBXBuildFile; fileRef = 49D63DE220AD801400527507 /* Main.storyboard */; };
		49D63DE720AD801400527507 /* Generic.xcdatamodeld in Sources */ = {isa = PBXBuildFile; fileRef = 49D63DE520AD801400527507 /* Generic.xcdatamodeld */; };
		49D63DE920AD801400527507 /* Assets.xcassets in Resources */ = {isa = PBXBuildFile; fileRef = 49D63DE820AD801400527507 /* Assets.xcassets */; };
		49D63DEC20AD801400527507 /* LaunchScreen.storyboard in Resources */ = {isa = PBXBuildFile; fileRef = 49D63DEA20AD801400527507 /* LaunchScreen.storyboard */; };
		49D63DF420AD802D00527507 /* Home.storyboard in Resources */ = {isa = PBXBuildFile; fileRef = 49D63DF320AD802D00527507 /* Home.storyboard */; };
		49D63DF620AD805400527507 /* HomeViewController.swift in Sources */ = {isa = PBXBuildFile; fileRef = 49D63DF520AD805400527507 /* HomeViewController.swift */; };
		49D63DF820AD817800527507 /* StoryBoard.swift in Sources */ = {isa = PBXBuildFile; fileRef = 49D63DF720AD817800527507 /* StoryBoard.swift */; };
/* End PBXBuildFile section */

/* Begin PBXFileReference section */
		490A010D20AE6F7B005C1C48 /* TableViewController.swift */ = {isa = PBXFileReference; lastKnownFileType = sourcecode.swift; path = TableViewController.swift; sourceTree = "<group>"; };
		49D63DDB20AD801400527507 /* Generic.app */ = {isa = PBXFileReference; explicitFileType = wrapper.application; includeInIndex = 0; path = Generic.app; sourceTree = BUILT_PRODUCTS_DIR; };
		49D63DDE20AD801400527507 /* AppDelegate.swift */ = {isa = PBXFileReference; lastKnownFileType = sourcecode.swift; path = AppDelegate.swift; sourceTree = "<group>"; };
		49D63DE020AD801400527507 /* ViewController.swift */ = {isa = PBXFileReference; lastKnownFileType = sourcecode.swift; path = ViewController.swift; sourceTree = "<group>"; };
		49D63DE320AD801400527507 /* Base */ = {isa = PBXFileReference; lastKnownFileType = file.storyboard; name = Base; path = Base.lproj/Main.storyboard; sourceTree = "<group>"; };
		49D63DE620AD801400527507 /* Generic.xcdatamodel */ = {isa = PBXFileReference; lastKnownFileType = wrapper.xcdatamodel; path = Generic.xcdatamodel; sourceTree = "<group>"; };
		49D63DE820AD801400527507 /* Assets.xcassets */ = {isa = PBXFileReference; lastKnownFileType = folder.assetcatalog; path = Assets.xcassets; sourceTree = "<group>"; };
		49D63DEB20AD801400527507 /* Base */ = {isa = PBXFileReference; lastKnownFileType = file.storyboard; name = Base; path = Base.lproj/LaunchScreen.storyboard; sourceTree = "<group>"; };
		49D63DED20AD801400527507 /* Info.plist */ = {isa = PBXFileReference; lastKnownFileType = text.plist.xml; path = Info.plist; sourceTree = "<group>"; };
		49D63DF320AD802D00527507 /* Home.storyboard */ = {isa = PBXFileReference; lastKnownFileType = file.storyboard; path = Home.storyboard; sourceTree = "<group>"; };
		49D63DF520AD805400527507 /* HomeViewController.swift */ = {isa = PBXFileReference; lastKnownFileType = sourcecode.swift; path = HomeViewController.swift; sourceTree = "<group>"; };
		49D63DF720AD817800527507 /* StoryBoard.swift */ = {isa = PBXFileReference; lastKnownFileType = sourcecode.swift; path = StoryBoard.swift; sourceTree = "<group>"; };
/* End PBXFileReference section */

/* Begin PBXFrameworksBuildPhase section */
		49D63DD820AD801400527507 /* Frameworks */ = {
			isa = PBXFrameworksBuildPhase;
			buildActionMask = 2147483647;
			files = (
			);
			runOnlyForDeploymentPostprocessing = 0;
		};
/* End PBXFrameworksBuildPhase section */

/* Begin PBXGroup section */
		490A010C20AE6F24005C1C48 /* Table */ = {
			isa = PBXGroup;
			children = (
				490A010D20AE6F7B005C1C48 /* TableViewController.swift */,
			);
			path = Table;
			sourceTree = "<group>";
		};
		49D63DD220AD801400527507 = {
			isa = PBXGroup;
			children = (
				49D63DDD20AD801400527507 /* Generic */,
				49D63DDC20AD801400527507 /* Products */,
			);
			sourceTree = "<group>";
		};
		49D63DDC20AD801400527507 /* Products */ = {
			isa = PBXGroup;
			children = (
				49D63DDB20AD801400527507 /* Generic.app */,
			);
			name = Products;
			sourceTree = "<group>";
		};
		49D63DDD20AD801400527507 /* Generic */ = {
			isa = PBXGroup;
			children = (
				490A010C20AE6F24005C1C48 /* Table */,
				49D63DDE20AD801400527507 /* AppDelegate.swift */,
				49D63DE020AD801400527507 /* ViewController.swift */,
				49D63DE220AD801400527507 /* Main.storyboard */,
				49D63DE820AD801400527507 /* Assets.xcassets */,
				49D63DEA20AD801400527507 /* LaunchScreen.storyboard */,
				49D63DED20AD801400527507 /* Info.plist */,
				49D63DE520AD801400527507 /* Generic.xcdatamodeld */,
				49D63DF320AD802D00527507 /* Home.storyboard */,
				49D63DF520AD805400527507 /* HomeViewController.swift */,
				49D63DF720AD817800527507 /* StoryBoard.swift */,
			);
			path = Generic;
			sourceTree = "<group>";
		};
/* End PBXGroup section */

/* Begin PBXNativeTarget section */
		49D63DDA20AD801400527507 /* Generic */ = {
			isa = PBXNativeTarget;
			buildConfigurationList = 49D63DF020AD801400527507 /* Build configuration list for PBXNativeTarget "Generic" */;
			buildPhases = (
				49D63DD720AD801400527507 /* Sources */,
				49D63DD820AD801400527507 /* Frameworks */,
				49D63DD920AD801400527507 /* Resources */,
			);
			buildRules = (
			);
			dependencies = (
			);
			name = Generic;
			productName = Generic;
			productReference = 49D63DDB20AD801400527507 /* Generic.app */;
			productType = "com.apple.product-type.application";
		};
/* End PBXNativeTarget section */

/* Begin PBXProject section */
		49D63DD320AD801400527507 /* Project object */ = {
			isa = PBXProject;
			attributes = {
				LastSwiftUpdateCheck = 0920;
				LastUpgradeCheck = 0920;
				ORGANIZATIONNAME = "Anh Tran";
				TargetAttributes = {
					49D63DDA20AD801400527507 = {
						CreatedOnToolsVersion = 9.2;
						ProvisioningStyle = Automatic;
					};
				};
			};
			buildConfigurationList = 49D63DD620AD801400527507 /* Build configuration list for PBXProject "Generic" */;
			compatibilityVersion = "Xcode 8.0";
			developmentRegion = en;
			hasScannedForEncodings = 0;
			knownRegions = (
				en,
				Base,
			);
			mainGroup = 49D63DD220AD801400527507;
			productRefGroup = 49D63DDC20AD801400527507 /* Products */;
			projectDirPath = "";
			projectRoot = "";
			targets = (
				49D63DDA20AD801400527507 /* Generic */,
			);
		};
/* End PBXProject section */

/* Begin PBXResourcesBuildPhase section */
		49D63DD920AD801400527507 /* Resources */ = {
			isa = PBXResourcesBuildPhase;
			buildActionMask = 2147483647;
			files = (
				49D63DEC20AD801400527507 /* LaunchScreen.storyboard in Resources */,
				49D63DE920AD801400527507 /* Assets.xcassets in Resources */,
				49D63DE420AD801400527507 /* Main.storyboard in Resources */,
				49D63DF420AD802D00527507 /* Home.storyboard in Resources */,
			);
			runOnlyForDeploymentPostprocessing = 0;
		};
/* End PBXResourcesBuildPhase section */

/* Begin PBXSourcesBuildPhase section */
		49D63DD720AD801400527507 /* Sources */ = {
			isa = PBXSourcesBuildPhase;
			buildActionMask = 2147483647;
			files = (
				49D63DF820AD817800527507 /* StoryBoard.swift in Sources */,
				490A010E20AE6F7B005C1C48 /* TableViewController.swift in Sources */,
				49D63DE120AD801400527507 /* ViewController.swift in Sources */,
				49D63DE720AD801400527507 /* Generic.xcdatamodeld in Sources */,
				49D63DDF20AD801400527507 /* AppDelegate.swift in Sources */,
				49D63DF620AD805400527507 /* HomeViewController.swift in Sources */,
			);
			runOnlyForDeploymentPostprocessing = 0;
		};
/* End PBXSourcesBuildPhase section */

/* Begin PBXVariantGroup section */
		49D63DE220AD801400527507 /* Main.storyboard */ = {
			isa = PBXVariantGroup;
			children = (
				49D63DE320AD801400527507 /* Base */,
			);
			name = Main.storyboard;
			sourceTree = "<group>";
		};
		49D63DEA20AD801400527507 /* LaunchScreen.storyboard */ = {
			isa = PBXVariantGroup;
			children = (
				49D63DEB20AD801400527507 /* Base */,
			);
			name = LaunchScreen.storyboard;
			sourceTree = "<group>";
		};
/* End PBXVariantGroup section */

/* Begin XCBuildConfiguration section */
		49D63DEE20AD801400527507 /* Debug */ = {
			isa = XCBuildConfiguration;
			buildSettings = {
				ALWAYS_SEARCH_USER_PATHS = NO;
				CLANG_ANALYZER_NONNULL = YES;
				CLANG_ANALYZER_NUMBER_OBJECT_CONVERSION = YES_AGGRESSIVE;
				CLANG_CXX_LANGUAGE_STANDARD = "gnu++14";
				CLANG_CXX_LIBRARY = "libc++";
				CLANG_ENABLE_MODULES = YES;
				CLANG_ENABLE_OBJC_ARC = YES;
				CLANG_WARN_BLOCK_CAPTURE_AUTORELEASING = YES;
				CLANG_WARN_BOOL_CONVERSION = YES;
				CLANG_WARN_COMMA = YES;
				CLANG_WARN_CONSTANT_CONVERSION = YES;
				CLANG_WARN_DIRECT_OBJC_ISA_USAGE = YES_ERROR;
				CLANG_WARN_DOCUMENTATION_COMMENTS = YES;
				CLANG_WARN_EMPTY_BODY = YES;
				CLANG_WARN_ENUM_CONVERSION = YES;
				CLANG_WARN_INFINITE_RECURSION = YES;
				CLANG_WARN_INT_CONVERSION = YES;
				CLANG_WARN_NON_LITERAL_NULL_CONVERSION = YES;
				CLANG_WARN_OBJC_LITERAL_CONVERSION = YES;
				CLANG_WARN_OBJC_ROOT_CLASS = YES_ERROR;
				CLANG_WARN_RANGE_LOOP_ANALYSIS = YES;
				CLANG_WARN_STRICT_PROTOTYPES = YES;
				CLANG_WARN_SUSPICIOUS_MOVE = YES;
				CLANG_WARN_UNGUARDED_AVAILABILITY = YES_AGGRESSIVE;
				CLANG_WARN_UNREACHABLE_CODE = YES;
				CLANG_WARN__DUPLICATE_METHOD_MATCH = YES;
				CODE_SIGN_IDENTITY = "iPhone Developer";
				COPY_PHASE_STRIP = NO;
				DEBUG_INFORMATION_FORMAT = dwarf;
				ENABLE_STRICT_OBJC_MSGSEND = YES;
				ENABLE_TESTABILITY = YES;
				GCC_C_LANGUAGE_STANDARD = gnu11;
				GCC_DYNAMIC_NO_PIC = NO;
				GCC_NO_COMMON_BLOCKS = YES;
				GCC_OPTIMIZATION_LEVEL = 0;
				GCC_PREPROCESSOR_DEFINITIONS = (
					"DEBUG=1",
					"$(inherited)",
				);
				GCC_WARN_64_TO_32_BIT_CONVERSION = YES;
				GCC_WARN_ABOUT_RETURN_TYPE = YES_ERROR;
				GCC_WARN_UNDECLARED_SELECTOR = YES;
				GCC_WARN_UNINITIALIZED_AUTOS = YES_AGGRESSIVE;
				GCC_WARN_UNUSED_FUNCTION = YES;
				GCC_WARN_UNUSED_VARIABLE = YES;
				IPHONEOS_DEPLOYMENT_TARGET = 11.2;
				MTL_ENABLE_DEBUG_INFO = YES;
				ONLY_ACTIVE_ARCH = YES;
				SDKROOT = iphoneos;
				SWIFT_ACTIVE_COMPILATION_CONDITIONS = DEBUG;
				SWIFT_OPTIMIZATION_LEVEL = "-Onone";
			};
			name = Debug;
		};
		49D63DEF20AD801400527507 /* Release */ = {
			isa = XCBuildConfiguration;
			buildSettings = {
				ALWAYS_SEARCH_USER_PATHS = NO;
				CLANG_ANALYZER_NONNULL = YES;
				CLANG_ANALYZER_NUMBER_OBJECT_CONVERSION = YES_AGGRESSIVE;
				CLANG_CXX_LANGUAGE_STANDARD = "gnu++14";
				CLANG_CXX_LIBRARY = "libc++";
				CLANG_ENABLE_MODULES = YES;
				CLANG_ENABLE_OBJC_ARC = YES;
				CLANG_WARN_BLOCK_CAPTURE_AUTORELEASING = YES;
				CLANG_WARN_BOOL_CONVERSION = YES;
				CLANG_WARN_COMMA = YES;
				CLANG_WARN_CONSTANT_CONVERSION = YES;
				CLANG_WARN_DIRECT_OBJC_ISA_USAGE = YES_ERROR;
				CLANG_WARN_DOCUMENTATION_COMMENTS = YES;
				CLANG_WARN_EMPTY_BODY = YES;
				CLANG_WARN_ENUM_CONVERSION = YES;
				CLANG_WARN_INFINITE_RECURSION = YES;
				CLANG_WARN_INT_CONVERSION = YES;
				CLANG_WARN_NON_LITERAL_NULL_CONVERSION = YES;
				CLANG_WARN_OBJC_LITERAL_CONVERSION = YES;
				CLANG_WARN_OBJC_ROOT_CLASS = YES_ERROR;
				CLANG_WARN_RANGE_LOOP_ANALYSIS = YES;
				CLANG_WARN_STRICT_PROTOTYPES = YES;
				CLANG_WARN_SUSPICIOUS_MOVE = YES;
				CLANG_WARN_UNGUARDED_AVAILABILITY = YES_AGGRESSIVE;
				CLANG_WARN_UNREACHABLE_CODE = YES;
				CLANG_WARN__DUPLICATE_METHOD_MATCH = YES;
				CODE_SIGN_IDENTITY = "iPhone Developer";
				COPY_PHASE_STRIP = NO;
				DEBUG_INFORMATION_FORMAT = "dwarf-with-dsym";
				ENABLE_NS_ASSERTIONS = NO;
				ENABLE_STRICT_OBJC_MSGSEND = YES;
				GCC_C_LANGUAGE_STANDARD = gnu11;
				GCC_NO_COMMON_BLOCKS = YES;
				GCC_WARN_64_TO_32_BIT_CONVERSION = YES;
				GCC_WARN_ABOUT_RETURN_TYPE = YES_ERROR;
				GCC_WARN_UNDECLARED_SELECTOR = YES;
				GCC_WARN_UNINITIALIZED_AUTOS = YES_AGGRESSIVE;
				GCC_WARN_UNUSED_FUNCTION = YES;
				GCC_WARN_UNUSED_VARIABLE = YES;
				IPHONEOS_DEPLOYMENT_TARGET = 11.2;
				MTL_ENABLE_DEBUG_INFO = NO;
				SDKROOT = iphoneos;
				SWIFT_OPTIMIZATION_LEVEL = "-Owholemodule";
				VALIDATE_PRODUCT = YES;
			};
			name = Release;
		};
		49D63DF120AD801400527507 /* Debug */ = {
			isa = XCBuildConfiguration;
			buildSettings = {
				ASSETCATALOG_COMPILER_APPICON_NAME = AppIcon;
				CODE_SIGN_STYLE = Automatic;
				DEVELOPMENT_TEAM = 6AGY23CM44;
				INFOPLIST_FILE = Generic/Info.plist;
				LD_RUNPATH_SEARCH_PATHS = "$(inherited) @executable_path/Frameworks";
				PRODUCT_BUNDLE_IDENTIFIER = appscyclone.Generic;
				PRODUCT_NAME = "$(TARGET_NAME)";
				SWIFT_VERSION = 4.0;
				TARGETED_DEVICE_FAMILY = "1,2";
			};
			name = Debug;
		};
		49D63DF220AD801400527507 /* Release */ = {
			isa = XCBuildConfiguration;
			buildSettings = {
				ASSETCATALOG_COMPILER_APPICON_NAME = AppIcon;
				CODE_SIGN_STYLE = Automatic;
				DEVELOPMENT_TEAM = 6AGY23CM44;
				INFOPLIST_FILE = Generic/Info.plist;
				LD_RUNPATH_SEARCH_PATHS = "$(inherited) @executable_path/Frameworks";
				PRODUCT_BUNDLE_IDENTIFIER = appscyclone.Generic;
				PRODUCT_NAME = "$(TARGET_NAME)";
				SWIFT_VERSION = 4.0;
				TARGETED_DEVICE_FAMILY = "1,2";
			};
			name = Release;
		};
/* End XCBuildConfiguration section */

/* Begin XCConfigurationList section */
		49D63DD620AD801400527507 /* Build configuration list for PBXProject "Generic" */ = {
			isa = XCConfigurationList;
			buildConfigurations = (
				49D63DEE20AD801400527507 /* Debug */,
				49D63DEF20AD801400527507 /* Release */,
			);
			defaultConfigurationIsVisible = 0;
			defaultConfigurationName = Release;
		};
		49D63DF020AD801400527507 /* Build configuration list for PBXNativeTarget "Generic" */ = {
			isa = XCConfigurationList;
			buildConfigurations = (
				49D63DF120AD801400527507 /* Debug */,
				49D63DF220AD801400527507 /* Release */,
			);
			defaultConfigurationIsVisible = 0;
			defaultConfigurationName = Release;
		};
/* End XCConfigurationList section */

/* Begin XCVersionGroup section */
		49D63DE520AD801400527507 /* Generic.xcdatamodeld */ = {
			isa = XCVersionGroup;
			children = (
				49D63DE620AD801400527507 /* Generic.xcdatamodel */,
			);
			currentVersion = 49D63DE620AD801400527507 /* Generic.xcdatamodel */;
			path = Generic.xcdatamodeld;
			sourceTree = "<group>";
			versionGroupType = wrapper.xcdatamodel;
		};
/* End XCVersionGroup section */
	};
	rootObject = 49D63DD320AD801400527507 /* Project object */;
}
